
Microsoft Visual Studio Solution File, Format Version 11.00
# Visual C# Express 2010
Project("{FAE04EC0-301F-11D3-BF4B-00C04F79EFBC}") = "WelcomeRESTJSONClient", "WelcomeRESTJSONClient\WelcomeRESTJSONClient.csproj", "{8AEB6716-EC17-41BE-8A39-AEE06D37A43D}"
EndProject
Global
	GlobalSection(SolutionConfigurationPlatforms) = preSolution
		Debug|x86 = Debug|x86
		Release|x86 = Release|x86
	EndGlobalSection
	GlobalSection(ProjectConfigurationPlatforms) = postSolution
		{8AEB6716-EC17-41BE-8A39-AEE06D37A43D}.Debug|x86.ActiveCfg = Debug|x86
		{8AEB6716-EC17-41BE-8A39-AEE06D37A43D}.Debug|x86.Build.0 = Debug|x86
		{8AEB6716-EC17-41BE-8A39-AEE06D37A43D}.Release|x86.ActiveCfg = Release|x86
		{8AEB6716-EC17-41BE-8A39-AEE06D37A43D}.Release|x86.Build.0 = Release|x86
	EndGlobalSection
	GlobalSection(SolutionProperties) = preSolution
		HideSolutionNode = FALSE
	EndGlobalSection
EndGlobal
